
Microsoft Visual Studio Solution File, Format Version 12.00
# Visual Studio Version 17
VisualStudioVersion = 17.7.34031.279
MinimumVisualStudioVersion = 10.0.40219.1
Project("{FAE04EC0-301F-11D3-BF4B-00C04F79EFBC}") = "composition-vs-inheritance", "composition-vs-inheritance.csproj", "{6078B5A5-7AF7-4A33-A560-21DE86CA9E7E}"
EndProject
Global
	GlobalSection(SolutionConfigurationPlatforms) = preSolution
		Debug|Any CPU = Debug|Any CPU
		Release|Any CPU = Release|Any CPU
	EndGlobalSection
	GlobalSection(ProjectConfigurationPlatforms) = postSolution
		{6078B5A5-7AF7-4A33-A560-21DE86CA9E7E}.Debug|Any CPU.ActiveCfg = Debug|Any CPU
		{6078B5A5-7AF7-4A33-A560-21DE86CA9E7E}.Debug|Any CPU.Build.0 = Debug|Any CPU
		{6078B5A5-7AF7-4A33-A560-21DE86CA9E7E}.Release|Any CPU.ActiveCfg = Release|Any CPU
		{6078B5A5-7AF7-4A33-A560-21DE86CA9E7E}.Release|Any CPU.Build.0 = Release|Any CPU
	EndGlobalSection
	GlobalSection(SolutionProperties) = preSolution
		HideSolutionNode = FALSE
	EndGlobalSection
	GlobalSection(ExtensibilityGlobals) = postSolution
		SolutionGuid = {1D8BBE59-3F8C-4707-A504-A82E7131EFCD}
	EndGlobalSection
EndGlobal
